
Microsoft Visual Studio Solution File, Format Version 12.00
# Visual Studio 14
VisualStudioVersion = 14.0.25123.0
MinimumVisualStudioVersion = 10.0.40219.1
Project("{FAE04EC0-301F-11D3-BF4B-00C04F79EFBC}") = "MLDS", "MLDS\MLDS.csproj", "{88DF7842-56AA-4789-B724-754CEA760699}"
EndProject
Project("{FAE04EC0-301F-11D3-BF4B-00C04F79EFBC}") = "MLDSData", "MLDSData\MLDSData.csproj", "{19B5DC2E-16CB-4953-9250-32587784CC32}"
EndProject
Project("{FAE04EC0-301F-11D3-BF4B-00C04F79EFBC}") = "MLDSService", "MLDSService\MLDSService.csproj", "{4890B640-87F0-4BAB-A466-FD06F49D9EB2}"
EndProject
Global
	GlobalSection(SolutionConfigurationPlatforms) = preSolution
		Debug|Any CPU = Debug|Any CPU
		Release|Any CPU = Release|Any CPU
	EndGlobalSection
	GlobalSection(ProjectConfigurationPlatforms) = postSolution
		{88DF7842-56AA-4789-B724-754CEA760699}.Debug|Any CPU.ActiveCfg = Debug|Any CPU
		{88DF7842-56AA-4789-B724-754CEA760699}.Debug|Any CPU.Build.0 = Debug|Any CPU
		{88DF7842-56AA-4789-B724-754CEA760699}.Release|Any CPU.ActiveCfg = Release|Any CPU
		{88DF7842-56AA-4789-B724-754CEA760699}.Release|Any CPU.Build.0 = Release|Any CPU
		{19B5DC2E-16CB-4953-9250-32587784CC32}.Debug|Any CPU.ActiveCfg = Debug|Any CPU
		{19B5DC2E-16CB-4953-9250-32587784CC32}.Debug|Any CPU.Build.0 = Debug|Any CPU
		{19B5DC2E-16CB-4953-9250-32587784CC32}.Release|Any CPU.ActiveCfg = Release|Any CPU
		{19B5DC2E-16CB-4953-9250-32587784CC32}.Release|Any CPU.Build.0 = Release|Any CPU
		{4890B640-87F0-4BAB-A466-FD06F49D9EB2}.Debug|Any CPU.ActiveCfg = Debug|Any CPU
		{4890B640-87F0-4BAB-A466-FD06F49D9EB2}.Debug|Any CPU.Build.0 = Debug|Any CPU
		{4890B640-87F0-4BAB-A466-FD06F49D9EB2}.Release|Any CPU.ActiveCfg = Release|Any CPU
		{4890B640-87F0-4BAB-A466-FD06F49D9EB2}.Release|Any CPU.Build.0 = Release|Any CPU
	EndGlobalSection
	GlobalSection(SolutionProperties) = preSolution
		HideSolutionNode = FALSE
	EndGlobalSection
EndGlobal
